// !$*UTF8*$!
{
	archiveVersion = 1;
	classes = {
	};
	objectVersion = 55;
	objects = {

/* Begin PBXBuildFile section */
		75F9B47703ECA444EF383C9C /* Pods_CGV.framework in Frameworks */ = {isa = PBXBuildFile; fileRef = D2124CE960E9B66F862813DB /* Pods_CGV.framework */; };
		B13934052896F6170064C5BA /* Movie.swift in Sources */ = {isa = PBXBuildFile; fileRef = B13934042896F6170064C5BA /* Movie.swift */; };
		B13934152897CE570064C5BA /* MoviesAPI.swift in Sources */ = {isa = PBXBuildFile; fileRef = B13934142897CE570064C5BA /* MoviesAPI.swift */; };
		B139341B2897F67E0064C5BA /* NaverAPI.swift in Sources */ = {isa = PBXBuildFile; fileRef = B139341A2897F67D0064C5BA /* NaverAPI.swift */; };
		B16FD18628967FAC00C00307 /* AppDelegate.swift in Sources */ = {isa = PBXBuildFile; fileRef = B16FD18528967FAC00C00307 /* AppDelegate.swift */; };
		B16FD18828967FAC00C00307 /* SceneDelegate.swift in Sources */ = {isa = PBXBuildFile; fileRef = B16FD18728967FAC00C00307 /* SceneDelegate.swift */; };
		B16FD18A28967FAC00C00307 /* ViewController.swift in Sources */ = {isa = PBXBuildFile; fileRef = B16FD18928967FAC00C00307 /* ViewController.swift */; };
		B16FD18D28967FAC00C00307 /* Main.storyboard in Resources */ = {isa = PBXBuildFile; fileRef = B16FD18B28967FAC00C00307 /* Main.storyboard */; };
		B16FD18F28967FAE00C00307 /* Assets.xcassets in Resources */ = {isa = PBXBuildFile; fileRef = B16FD18E28967FAE00C00307 /* Assets.xcassets */; };
		B16FD19228967FAE00C00307 /* LaunchScreen.storyboard in Resources */ = {isa = PBXBuildFile; fileRef = B16FD19028967FAE00C00307 /* LaunchScreen.storyboard */; };
		B16FD1A528968E2600C00307 /* EventViewController.swift in Sources */ = {isa = PBXBuildFile; fileRef = B16FD1A428968E2600C00307 /* EventViewController.swift */; };
		B16FD1A728968E3A00C00307 /* MovieTalkViewController.swift in Sources */ = {isa = PBXBuildFile; fileRef = B16FD1A628968E3A00C00307 /* MovieTalkViewController.swift */; };
		B16FD1A928968E5B00C00307 /* FastOrderViewController.swift in Sources */ = {isa = PBXBuildFile; fileRef = B16FD1A828968E5B00C00307 /* FastOrderViewController.swift */; };
		B16FD1AB28968E6600C00307 /* GiftShopViewController.swift in Sources */ = {isa = PBXBuildFile; fileRef = B16FD1AA28968E6600C00307 /* GiftShopViewController.swift */; };
		B16FD1AD289693E600C00307 /* HomeViewController.swift in Sources */ = {isa = PBXBuildFile; fileRef = B16FD1AC289693E600C00307 /* HomeViewController.swift */; };
		B16FD1B82896A61E00C00307 /* MovieChartTableViewCell.swift in Sources */ = {isa = PBXBuildFile; fileRef = B16FD1B62896A61E00C00307 /* MovieChartTableViewCell.swift */; };
		B16FD1B92896A61E00C00307 /* MovieChartTableViewCell.xib in Resources */ = {isa = PBXBuildFile; fileRef = B16FD1B72896A61E00C00307 /* MovieChartTableViewCell.xib */; };
		B16FD1BC2896A9D700C00307 /* MovieChartCollectionViewCell.swift in Sources */ = {isa = PBXBuildFile; fileRef = B16FD1BA2896A9D700C00307 /* MovieChartCollectionViewCell.swift */; };
		B16FD1BD2896A9D700C00307 /* MovieChartCollectionViewCell.xib in Resources */ = {isa = PBXBuildFile; fileRef = B16FD1BB2896A9D700C00307 /* MovieChartCollectionViewCell.xib */; };
		B16FD1BF2896AE0B00C00307 /* MovieChart.swift in Sources */ = {isa = PBXBuildFile; fileRef = B16FD1BE2896AE0B00C00307 /* MovieChart.swift */; };
		B16FD1C32896B57B00C00307 /* BannerTableViewCell.swift in Sources */ = {isa = PBXBuildFile; fileRef = B16FD1C12896B57A00C00307 /* BannerTableViewCell.swift */; };
		B16FD1C42896B57B00C00307 /* BannerTableViewCell.xib in Resources */ = {isa = PBXBuildFile; fileRef = B16FD1C22896B57B00C00307 /* BannerTableViewCell.xib */; };
		B16FD1C62896D59E00C00307 /* PageViewController.swift in Sources */ = {isa = PBXBuildFile; fileRef = B16FD1C52896D59E00C00307 /* PageViewController.swift */; };
		B16FD1CE2896E19400C00307 /* Banner.swift in Sources */ = {isa = PBXBuildFile; fileRef = B16FD1CD2896E19400C00307 /* Banner.swift */; };
		B16FD1D22896E5CE00C00307 /* TopTabCollectionViewCell.swift in Sources */ = {isa = PBXBuildFile; fileRef = B16FD1D02896E5CE00C00307 /* TopTabCollectionViewCell.swift */; };
		B16FD1D32896E5CE00C00307 /* TopTabCollectionViewCell.xib in Resources */ = {isa = PBXBuildFile; fileRef = B16FD1D12896E5CE00C00307 /* TopTabCollectionViewCell.xib */; };
/* End PBXBuildFile section */

/* Begin PBXFileReference section */
		042AF93612D43C29D21B8383 /* Pods-CloneCoding_CGV.release.xcconfig */ = {isa = PBXFileReference; includeInIndex = 1; lastKnownFileType = text.xcconfig; name = "Pods-CloneCoding_CGV.release.xcconfig"; path = "Target Support Files/Pods-CloneCoding_CGV/Pods-CloneCoding_CGV.release.xcconfig"; sourceTree = "<group>"; };
		08EF47294EF8BEF52F0955B1 /* Pods-CloneCoding_CGV.debug.xcconfig */ = {isa = PBXFileReference; includeInIndex = 1; lastKnownFileType = text.xcconfig; name = "Pods-CloneCoding_CGV.debug.xcconfig"; path = "Target Support Files/Pods-CloneCoding_CGV/Pods-CloneCoding_CGV.debug.xcconfig"; sourceTree = "<group>"; };
		1504D1852E1C22E82FF86C7D /* Pods-CGV.debug.xcconfig */ = {isa = PBXFileReference; includeInIndex = 1; lastKnownFileType = text.xcconfig; name = "Pods-CGV.debug.xcconfig"; path = "Target Support Files/Pods-CGV/Pods-CGV.debug.xcconfig"; sourceTree = "<group>"; };
		340EE87F1D0310134A49C103 /* Pods-OpenAPIApp.release.xcconfig */ = {isa = PBXFileReference; includeInIndex = 1; lastKnownFileType = text.xcconfig; name = "Pods-OpenAPIApp.release.xcconfig"; path = "Target Support Files/Pods-OpenAPIApp/Pods-OpenAPIApp.release.xcconfig"; sourceTree = "<group>"; };
		B13933FE2896EB360064C5BA /* CGV.app */ = {isa = PBXFileReference; explicitFileType = wrapper.application; includeInIndex = 0; path = CGV.app; sourceTree = BUILT_PRODUCTS_DIR; };
		B13934042896F6170064C5BA /* Movie.swift */ = {isa = PBXFileReference; lastKnownFileType = sourcecode.swift; path = Movie.swift; sourceTree = "<group>"; };
		B13934142897CE570064C5BA /* MoviesAPI.swift */ = {isa = PBXFileReference; lastKnownFileType = sourcecode.swift; path = MoviesAPI.swift; sourceTree = "<group>"; };
		B139341A2897F67D0064C5BA /* NaverAPI.swift */ = {isa = PBXFileReference; lastKnownFileType = sourcecode.swift; path = NaverAPI.swift; sourceTree = "<group>"; };
		B16FD18528967FAC00C00307 /* AppDelegate.swift */ = {isa = PBXFileReference; lastKnownFileType = sourcecode.swift; path = AppDelegate.swift; sourceTree = "<group>"; };
		B16FD18728967FAC00C00307 /* SceneDelegate.swift */ = {isa = PBXFileReference; lastKnownFileType = sourcecode.swift; path = SceneDelegate.swift; sourceTree = "<group>"; };
		B16FD18928967FAC00C00307 /* ViewController.swift */ = {isa = PBXFileReference; lastKnownFileType = sourcecode.swift; path = ViewController.swift; sourceTree = "<group>"; };
		B16FD18C28967FAC00C00307 /* Base */ = {isa = PBXFileReference; lastKnownFileType = file.storyboard; name = Base; path = Base.lproj/Main.storyboard; sourceTree = "<group>"; };
		B16FD18E28967FAE00C00307 /* Assets.xcassets */ = {isa = PBXFileReference; lastKnownFileType = folder.assetcatalog; path = Assets.xcassets; sourceTree = "<group>"; };
		B16FD19128967FAE00C00307 /* Base */ = {isa = PBXFileReference; lastKnownFileType = file.storyboard; name = Base; path = Base.lproj/LaunchScreen.storyboard; sourceTree = "<group>"; };
		B16FD19328967FAE00C00307 /* Info.plist */ = {isa = PBXFileReference; lastKnownFileType = text.plist.xml; path = Info.plist; sourceTree = "<group>"; };
		B16FD1A428968E2600C00307 /* EventViewController.swift */ = {isa = PBXFileReference; lastKnownFileType = sourcecode.swift; path = EventViewController.swift; sourceTree = "<group>"; };
		B16FD1A628968E3A00C00307 /* MovieTalkViewController.swift */ = {isa = PBXFileReference; lastKnownFileType = sourcecode.swift; path = MovieTalkViewController.swift; sourceTree = "<group>"; };
		B16FD1A828968E5B00C00307 /* FastOrderViewController.swift */ = {isa = PBXFileReference; lastKnownFileType = sourcecode.swift; path = FastOrderViewController.swift; sourceTree = "<group>"; };
		B16FD1AA28968E6600C00307 /* GiftShopViewController.swift */ = {isa = PBXFileReference; lastKnownFileType = sourcecode.swift; path = GiftShopViewController.swift; sourceTree = "<group>"; };
		B16FD1AC289693E600C00307 /* HomeViewController.swift */ = {isa = PBXFileReference; lastKnownFileType = sourcecode.swift; path = HomeViewController.swift; sourceTree = "<group>"; };
		B16FD1B62896A61E00C00307 /* MovieChartTableViewCell.swift */ = {isa = PBXFileReference; lastKnownFileType = sourcecode.swift; path = MovieChartTableViewCell.swift; sourceTree = "<group>"; };
		B16FD1B72896A61E00C00307 /* MovieChartTableViewCell.xib */ = {isa = PBXFileReference; lastKnownFileType = file.xib; path = MovieChartTableViewCell.xib; sourceTree = "<group>"; };
		B16FD1BA2896A9D700C00307 /* MovieChartCollectionViewCell.swift */ = {isa = PBXFileReference; lastKnownFileType = sourcecode.swift; path = MovieChartCollectionViewCell.swift; sourceTree = "<group>"; };
		B16FD1BB2896A9D700C00307 /* MovieChartCollectionViewCell.xib */ = {isa = PBXFileReference; lastKnownFileType = file.xib; path = MovieChartCollectionViewCell.xib; sourceTree = "<group>"; };
		B16FD1BE2896AE0B00C00307 /* MovieChart.swift */ = {isa = PBXFileReference; lastKnownFileType = sourcecode.swift; path = MovieChart.swift; sourceTree = "<group>"; };
		B16FD1C12896B57A00C00307 /* BannerTableViewCell.swift */ = {isa = PBXFileReference; lastKnownFileType = sourcecode.swift; path = BannerTableViewCell.swift; sourceTree = "<group>"; };
		B16FD1C22896B57B00C00307 /* BannerTableViewCell.xib */ = {isa = PBXFileReference; lastKnownFileType = file.xib; path = BannerTableViewCell.xib; sourceTree = "<group>"; };
		B16FD1C52896D59E00C00307 /* PageViewController.swift */ = {isa = PBXFileReference; lastKnownFileType = sourcecode.swift; path = PageViewController.swift; sourceTree = "<group>"; };
		B16FD1CD2896E19400C00307 /* Banner.swift */ = {isa = PBXFileReference; lastKnownFileType = sourcecode.swift; path = Banner.swift; sourceTree = "<group>"; };
		B16FD1D02896E5CE00C00307 /* TopTabCollectionViewCell.swift */ = {isa = PBXFileReference; lastKnownFileType = sourcecode.swift; path = TopTabCollectionViewCell.swift; sourceTree = "<group>"; };
		B16FD1D12896E5CE00C00307 /* TopTabCollectionViewCell.xib */ = {isa = PBXFileReference; lastKnownFileType = file.xib; path = TopTabCollectionViewCell.xib; sourceTree = "<group>"; };
		D2124CE960E9B66F862813DB /* Pods_CGV.framework */ = {isa = PBXFileReference; explicitFileType = wrapper.framework; includeInIndex = 0; path = Pods_CGV.framework; sourceTree = BUILT_PRODUCTS_DIR; };
		D857643AC806FAF53B1E7C4F /* Pods-OpenAPIApp.debug.xcconfig */ = {isa = PBXFileReference; includeInIndex = 1; lastKnownFileType = text.xcconfig; name = "Pods-OpenAPIApp.debug.xcconfig"; path = "Target Support Files/Pods-OpenAPIApp/Pods-OpenAPIApp.debug.xcconfig"; sourceTree = "<group>"; };
		F5DEE455E4E57FD4993B45CA /* Pods-CGV.release.xcconfig */ = {isa = PBXFileReference; includeInIndex = 1; lastKnownFileType = text.xcconfig; name = "Pods-CGV.release.xcconfig"; path = "Target Support Files/Pods-CGV/Pods-CGV.release.xcconfig"; sourceTree = "<group>"; };
/* End PBXFileReference section */

/* Begin PBXFrameworksBuildPhase section */
		B16FD17F28967FAC00C00307 /* Frameworks */ = {
			isa = PBXFrameworksBuildPhase;
			buildActionMask = 2147483647;
			files = (
				75F9B47703ECA444EF383C9C /* Pods_CGV.framework in Frameworks */,
			);
			runOnlyForDeploymentPostprocessing = 0;
		};
/* End PBXFrameworksBuildPhase section */

/* Begin PBXGroup section */
		4E430590E4EAFCC188C93A3C /* Pods */ = {
			isa = PBXGroup;
			children = (
				D857643AC806FAF53B1E7C4F /* Pods-OpenAPIApp.debug.xcconfig */,
				340EE87F1D0310134A49C103 /* Pods-OpenAPIApp.release.xcconfig */,
				08EF47294EF8BEF52F0955B1 /* Pods-CloneCoding_CGV.debug.xcconfig */,
				042AF93612D43C29D21B8383 /* Pods-CloneCoding_CGV.release.xcconfig */,
				1504D1852E1C22E82FF86C7D /* Pods-CGV.debug.xcconfig */,
				F5DEE455E4E57FD4993B45CA /* Pods-CGV.release.xcconfig */,
			);
			path = Pods;
			sourceTree = "<group>";
		};
		7BA3E3AFC129B8FA6B1CF804 /* Frameworks */ = {
			isa = PBXGroup;
			children = (
				D2124CE960E9B66F862813DB /* Pods_CGV.framework */,
			);
			name = Frameworks;
			sourceTree = "<group>";
		};
		B13933FF2896F1C20064C5BA /* Home */ = {
			isa = PBXGroup;
			children = (
				B16FD1AC289693E600C00307 /* HomeViewController.swift */,
				B16FD1B32896A5E100C00307 /* HomeTable */,
			);
			path = Home;
			sourceTree = "<group>";
		};
		B13934002896F1D00064C5BA /* Main */ = {
			isa = PBXGroup;
			children = (
				B16FD18B28967FAC00C00307 /* Main.storyboard */,
				B16FD18928967FAC00C00307 /* ViewController.swift */,
				B16FD1C52896D59E00C00307 /* PageViewController.swift */,
				B16FD1CF2896E5B000C00307 /* Collection */,
			);
			path = Main;
			sourceTree = "<group>";
		};
		B13934012896F2ED0064C5BA /* MovieAPI */ = {
			isa = PBXGroup;
			children = (
				B13934142897CE570064C5BA /* MoviesAPI.swift */,
			);
			path = MovieAPI;
			sourceTree = "<group>";
		};
		B139341C2897F6840064C5BA /* NaverAPI */ = {
			isa = PBXGroup;
			children = (
				B139341A2897F67D0064C5BA /* NaverAPI.swift */,
			);
			path = NaverAPI;
			sourceTree = "<group>";
		};
		B16FD17928967FAC00C00307 = {
			isa = PBXGroup;
			children = (
				B16FD18428967FAC00C00307 /* CGV */,
				4E430590E4EAFCC188C93A3C /* Pods */,
				7BA3E3AFC129B8FA6B1CF804 /* Frameworks */,
				B13933FE2896EB360064C5BA /* CGV.app */,
			);
			sourceTree = "<group>";
		};
		B16FD18428967FAC00C00307 /* CGV */ = {
			isa = PBXGroup;
			children = (
				B16FD19328967FAE00C00307 /* Info.plist */,
				B16FD19028967FAE00C00307 /* LaunchScreen.storyboard */,
				B16FD18528967FAC00C00307 /* AppDelegate.swift */,
				B16FD18728967FAC00C00307 /* SceneDelegate.swift */,
				B16FD18E28967FAE00C00307 /* Assets.xcassets */,
				B16FD1CC2896E17B00C00307 /* Data */,
				B13934012896F2ED0064C5BA /* MovieAPI */,
				B139341C2897F6840064C5BA /* NaverAPI */,
				B13934002896F1D00064C5BA /* Main */,
				B13933FF2896F1C20064C5BA /* Home */,
				B16FD1A428968E2600C00307 /* EventViewController.swift */,
				B16FD1A628968E3A00C00307 /* MovieTalkViewController.swift */,
				B16FD1AA28968E6600C00307 /* GiftShopViewController.swift */,
				B16FD1A828968E5B00C00307 /* FastOrderViewController.swift */,
			);
			path = CGV;
			sourceTree = "<group>";
		};
		B16FD1B32896A5E100C00307 /* HomeTable */ = {
			isa = PBXGroup;
			children = (
				B16FD1C22896B57B00C00307 /* BannerTableViewCell.xib */,
				B16FD1C12896B57A00C00307 /* BannerTableViewCell.swift */,
				B16FD1B72896A61E00C00307 /* MovieChartTableViewCell.xib */,
				B16FD1B62896A61E00C00307 /* MovieChartTableViewCell.swift */,
				B16FD1C02896B54A00C00307 /* MovieCharCollection */,
			);
			path = HomeTable;
			sourceTree = "<group>";
		};
		B16FD1C02896B54A00C00307 /* MovieCharCollection */ = {
			isa = PBXGroup;
			children = (
				B16FD1BB2896A9D700C00307 /* MovieChartCollectionViewCell.xib */,
				B16FD1BA2896A9D700C00307 /* MovieChartCollectionViewCell.swift */,
			);
			path = MovieCharCollection;
			sourceTree = "<group>";
		};
		B16FD1CC2896E17B00C00307 /* Data */ = {
			isa = PBXGroup;
			children = (
				B16FD1BE2896AE0B00C00307 /* MovieChart.swift */,
				B16FD1CD2896E19400C00307 /* Banner.swift */,
				B13934042896F6170064C5BA /* Movie.swift */,
			);
			path = Data;
			sourceTree = "<group>";
		};
		B16FD1CF2896E5B000C00307 /* Collection */ = {
			isa = PBXGroup;
			children = (
				B16FD1D12896E5CE00C00307 /* TopTabCollectionViewCell.xib */,
				B16FD1D02896E5CE00C00307 /* TopTabCollectionViewCell.swift */,
			);
			path = Collection;
			sourceTree = "<group>";
		};
/* End PBXGroup section */

/* Begin PBXNativeTarget section */
		B16FD18128967FAC00C00307 /* CGV */ = {
			isa = PBXNativeTarget;
			buildConfigurationList = B16FD19628967FAE00C00307 /* Build configuration list for PBXNativeTarget "CGV" */;
			buildPhases = (
				3A225B987459A3FB6BC32E2D /* [CP] Check Pods Manifest.lock */,
				B16FD17E28967FAC00C00307 /* Sources */,
				B16FD17F28967FAC00C00307 /* Frameworks */,
				B16FD18028967FAC00C00307 /* Resources */,
				AA7F71FCC06CAA2E98C11229 /* [CP] Embed Pods Frameworks */,
			);
			buildRules = (
			);
			dependencies = (
			);
			name = CGV;
			productName = OpenAPIApp;
			productReference = B13933FE2896EB360064C5BA /* CGV.app */;
			productType = "com.apple.product-type.application";
		};
/* End PBXNativeTarget section */

/* Begin PBXProject section */
		B16FD17A28967FAC00C00307 /* Project object */ = {
			isa = PBXProject;
			attributes = {
				BuildIndependentTargetsInParallel = 1;
				LastSwiftUpdateCheck = 1340;
				LastUpgradeCheck = 1340;
				TargetAttributes = {
					B16FD18128967FAC00C00307 = {
						CreatedOnToolsVersion = 13.4.1;
					};
				};
			};
			buildConfigurationList = B16FD17D28967FAC00C00307 /* Build configuration list for PBXProject "CGV" */;
			compatibilityVersion = "Xcode 13.0";
			developmentRegion = en;
			hasScannedForEncodings = 0;
			knownRegions = (
				en,
				Base,
			);
			mainGroup = B16FD17928967FAC00C00307;
			productRefGroup = B16FD17928967FAC00C00307;
			projectDirPath = "";
			projectRoot = "";
			targets = (
				B16FD18128967FAC00C00307 /* CGV */,
			);
		};
/* End PBXProject section */

/* Begin PBXResourcesBuildPhase section */
		B16FD18028967FAC00C00307 /* Resources */ = {
			isa = PBXResourcesBuildPhase;
			buildActionMask = 2147483647;
			files = (
				B16FD19228967FAE00C00307 /* LaunchScreen.storyboard in Resources */,
				B16FD1B92896A61E00C00307 /* MovieChartTableViewCell.xib in Resources */,
				B16FD1BD2896A9D700C00307 /* MovieChartCollectionViewCell.xib in Resources */,
				B16FD18F28967FAE00C00307 /* Assets.xcassets in Resources */,
				B16FD18D28967FAC00C00307 /* Main.storyboard in Resources */,
				B16FD1C42896B57B00C00307 /* BannerTableViewCell.xib in Resources */,
				B16FD1D32896E5CE00C00307 /* TopTabCollectionViewCell.xib in Resources */,
			);
			runOnlyForDeploymentPostprocessing = 0;
		};
/* End PBXResourcesBuildPhase section */

/* Begin PBXShellScriptBuildPhase section */
		3A225B987459A3FB6BC32E2D /* [CP] Check Pods Manifest.lock */ = {
			isa = PBXShellScriptBuildPhase;
			buildActionMask = 2147483647;
			files = (
			);
			inputFileListPaths = (
			);
			inputPaths = (
				"${PODS_PODFILE_DIR_PATH}/Podfile.lock",
				"${PODS_ROOT}/Manifest.lock",
			);
			name = "[CP] Check Pods Manifest.lock";
			outputFileListPaths = (
			);
			outputPaths = (
				"$(DERIVED_FILE_DIR)/Pods-CGV-checkManifestLockResult.txt",
			);
			runOnlyForDeploymentPostprocessing = 0;
			shellPath = /bin/sh;
			shellScript = "diff \"${PODS_PODFILE_DIR_PATH}/Podfile.lock\" \"${PODS_ROOT}/Manifest.lock\" > /dev/null\nif [ $? != 0 ] ; then\n    # print error to STDERR\n    echo \"error: The sandbox is not in sync with the Podfile.lock. Run 'pod install' or update your CocoaPods installation.\" >&2\n    exit 1\nfi\n# This output is used by Xcode 'outputs' to avoid re-running this script phase.\necho \"SUCCESS\" > \"${SCRIPT_OUTPUT_FILE_0}\"\n";
			showEnvVarsInLog = 0;
		};
		AA7F71FCC06CAA2E98C11229 /* [CP] Embed Pods Frameworks */ = {
			isa = PBXShellScriptBuildPhase;
			buildActionMask = 2147483647;
			files = (
			);
			inputFileListPaths = (
				"${PODS_ROOT}/Target Support Files/Pods-CGV/Pods-CGV-frameworks-${CONFIGURATION}-input-files.xcfilelist",
			);
			name = "[CP] Embed Pods Frameworks";
			outputFileListPaths = (
				"${PODS_ROOT}/Target Support Files/Pods-CGV/Pods-CGV-frameworks-${CONFIGURATION}-output-files.xcfilelist",
			);
			runOnlyForDeploymentPostprocessing = 0;
			shellPath = /bin/sh;
			shellScript = "\"${PODS_ROOT}/Target Support Files/Pods-CGV/Pods-CGV-frameworks.sh\"\n";
			showEnvVarsInLog = 0;
		};
/* End PBXShellScriptBuildPhase section */

/* Begin PBXSourcesBuildPhase section */
		B16FD17E28967FAC00C00307 /* Sources */ = {
			isa = PBXSourcesBuildPhase;
			buildActionMask = 2147483647;
			files = (
				B139341B2897F67E0064C5BA /* NaverAPI.swift in Sources */,
				B16FD1D22896E5CE00C00307 /* TopTabCollectionViewCell.swift in Sources */,
				B16FD18A28967FAC00C00307 /* ViewController.swift in Sources */,
				B16FD1A528968E2600C00307 /* EventViewController.swift in Sources */,
				B16FD1BC2896A9D700C00307 /* MovieChartCollectionViewCell.swift in Sources */,
				B16FD1AB28968E6600C00307 /* GiftShopViewController.swift in Sources */,
				B16FD1AD289693E600C00307 /* HomeViewController.swift in Sources */,
				B16FD1B82896A61E00C00307 /* MovieChartTableViewCell.swift in Sources */,
				B16FD1A728968E3A00C00307 /* MovieTalkViewController.swift in Sources */,
				B16FD1A928968E5B00C00307 /* FastOrderViewController.swift in Sources */,
				B16FD18628967FAC00C00307 /* AppDelegate.swift in Sources */,
				B16FD1C32896B57B00C00307 /* BannerTableViewCell.swift in Sources */,
				B16FD1C62896D59E00C00307 /* PageViewController.swift in Sources */,
				B16FD1CE2896E19400C00307 /* Banner.swift in Sources */,
				B16FD1BF2896AE0B00C00307 /* MovieChart.swift in Sources */,
				B16FD18828967FAC00C00307 /* SceneDelegate.swift in Sources */,
				B13934052896F6170064C5BA /* Movie.swift in Sources */,
				B13934152897CE570064C5BA /* MoviesAPI.swift in Sources */,
			);
			runOnlyForDeploymentPostprocessing = 0;
		};
/* End PBXSourcesBuildPhase section */

/* Begin PBXVariantGroup section */
		B16FD18B28967FAC00C00307 /* Main.storyboard */ = {
			isa = PBXVariantGroup;
			children = (
				B16FD18C28967FAC00C00307 /* Base */,
			);
			name = Main.storyboard;
			sourceTree = "<group>";
		};
		B16FD19028967FAE00C00307 /* LaunchScreen.storyboard */ = {
			isa = PBXVariantGroup;
			children = (
				B16FD19128967FAE00C00307 /* Base */,
			);
			name = LaunchScreen.storyboard;
			sourceTree = "<group>";
		};
/* End PBXVariantGroup section */

/* Begin XCBuildConfiguration section */
		B16FD19428967FAE00C00307 /* Debug */ = {
			isa = XCBuildConfiguration;
			buildSettings = {
				ALWAYS_SEARCH_USER_PATHS = NO;
				CLANG_ANALYZER_NONNULL = YES;
				CLANG_ANALYZER_NUMBER_OBJECT_CONVERSION = YES_AGGRESSIVE;
				CLANG_CXX_LANGUAGE_STANDARD = "gnu++17";
				CLANG_ENABLE_MODULES = YES;
				CLANG_ENABLE_OBJC_ARC = YES;
				CLANG_ENABLE_OBJC_WEAK = YES;
				CLANG_WARN_BLOCK_CAPTURE_AUTORELEASING = YES;
				CLANG_WARN_BOOL_CONVERSION = YES;
				CLANG_WARN_COMMA = YES;
				CLANG_WARN_CONSTANT_CONVERSION = YES;
				CLANG_WARN_DEPRECATED_OBJC_IMPLEMENTATIONS = YES;
				CLANG_WARN_DIRECT_OBJC_ISA_USAGE = YES_ERROR;
				CLANG_WARN_DOCUMENTATION_COMMENTS = YES;
				CLANG_WARN_EMPTY_BODY = YES;
				CLANG_WARN_ENUM_CONVERSION = YES;
				CLANG_WARN_INFINITE_RECURSION = YES;
				CLANG_WARN_INT_CONVERSION = YES;
				CLANG_WARN_NON_LITERAL_NULL_CONVERSION = YES;
				CLANG_WARN_OBJC_IMPLICIT_RETAIN_SELF = YES;
				CLANG_WARN_OBJC_LITERAL_CONVERSION = YES;
				CLANG_WARN_OBJC_ROOT_CLASS = YES_ERROR;
				CLANG_WARN_QUOTED_INCLUDE_IN_FRAMEWORK_HEADER = YES;
				CLANG_WARN_RANGE_LOOP_ANALYSIS = YES;
				CLANG_WARN_STRICT_PROTOTYPES = YES;
				CLANG_WARN_SUSPICIOUS_MOVE = YES;
				CLANG_WARN_UNGUARDED_AVAILABILITY = YES_AGGRESSIVE;
				CLANG_WARN_UNREACHABLE_CODE = YES;
				CLANG_WARN__DUPLICATE_METHOD_MATCH = YES;
				COPY_PHASE_STRIP = NO;
				DEBUG_INFORMATION_FORMAT = dwarf;
				ENABLE_STRICT_OBJC_MSGSEND = YES;
				ENABLE_TESTABILITY = YES;
				GCC_C_LANGUAGE_STANDARD = gnu11;
				GCC_DYNAMIC_NO_PIC = NO;
				GCC_NO_COMMON_BLOCKS = YES;
				GCC_OPTIMIZATION_LEVEL = 0;
				GCC_PREPROCESSOR_DEFINITIONS = (
					"DEBUG=1",
					"$(inherited)",
				);
				GCC_WARN_64_TO_32_BIT_CONVERSION = YES;
				GCC_WARN_ABOUT_RETURN_TYPE = YES_ERROR;
				GCC_WARN_UNDECLARED_SELECTOR = YES;
				GCC_WARN_UNINITIALIZED_AUTOS = YES_AGGRESSIVE;
				GCC_WARN_UNUSED_FUNCTION = YES;
				GCC_WARN_UNUSED_VARIABLE = YES;
				IPHONEOS_DEPLOYMENT_TARGET = 15.5;
				MTL_ENABLE_DEBUG_INFO = INCLUDE_SOURCE;
				MTL_FAST_MATH = YES;
				ONLY_ACTIVE_ARCH = YES;
				SDKROOT = iphoneos;
				SWIFT_ACTIVE_COMPILATION_CONDITIONS = DEBUG;
				SWIFT_OPTIMIZATION_LEVEL = "-Onone";
			};
			name = Debug;
		};
		B16FD19528967FAE00C00307 /* Release */ = {
			isa = XCBuildConfiguration;
			buildSettings = {
				ALWAYS_SEARCH_USER_PATHS = NO;
				CLANG_ANALYZER_NONNULL = YES;
				CLANG_ANALYZER_NUMBER_OBJECT_CONVERSION = YES_AGGRESSIVE;
				CLANG_CXX_LANGUAGE_STANDARD = "gnu++17";
				CLANG_ENABLE_MODULES = YES;
				CLANG_ENABLE_OBJC_ARC = YES;
				CLANG_ENABLE_OBJC_WEAK = YES;
				CLANG_WARN_BLOCK_CAPTURE_AUTORELEASING = YES;
				CLANG_WARN_BOOL_CONVERSION = YES;
				CLANG_WARN_COMMA = YES;
				CLANG_WARN_CONSTANT_CONVERSION = YES;
				CLANG_WARN_DEPRECATED_OBJC_IMPLEMENTATIONS = YES;
				CLANG_WARN_DIRECT_OBJC_ISA_USAGE = YES_ERROR;
				CLANG_WARN_DOCUMENTATION_COMMENTS = YES;
				CLANG_WARN_EMPTY_BODY = YES;
				CLANG_WARN_ENUM_CONVERSION = YES;
				CLANG_WARN_INFINITE_RECURSION = YES;
				CLANG_WARN_INT_CONVERSION = YES;
				CLANG_WARN_NON_LITERAL_NULL_CONVERSION = YES;
				CLANG_WARN_OBJC_IMPLICIT_RETAIN_SELF = YES;
				CLANG_WARN_OBJC_LITERAL_CONVERSION = YES;
				CLANG_WARN_OBJC_ROOT_CLASS = YES_ERROR;
				CLANG_WARN_QUOTED_INCLUDE_IN_FRAMEWORK_HEADER = YES;
				CLANG_WARN_RANGE_LOOP_ANALYSIS = YES;
				CLANG_WARN_STRICT_PROTOTYPES = YES;
				CLANG_WARN_SUSPICIOUS_MOVE = YES;
				CLANG_WARN_UNGUARDED_AVAILABILITY = YES_AGGRESSIVE;
				CLANG_WARN_UNREACHABLE_CODE = YES;
				CLANG_WARN__DUPLICATE_METHOD_MATCH = YES;
				COPY_PHASE_STRIP = NO;
				DEBUG_INFORMATION_FORMAT = "dwarf-with-dsym";
				ENABLE_NS_ASSERTIONS = NO;
				ENABLE_STRICT_OBJC_MSGSEND = YES;
				GCC_C_LANGUAGE_STANDARD = gnu11;
				GCC_NO_COMMON_BLOCKS = YES;
				GCC_WARN_64_TO_32_BIT_CONVERSION = YES;
				GCC_WARN_ABOUT_RETURN_TYPE = YES_ERROR;
				GCC_WARN_UNDECLARED_SELECTOR = YES;
				GCC_WARN_UNINITIALIZED_AUTOS = YES_AGGRESSIVE;
				GCC_WARN_UNUSED_FUNCTION = YES;
				GCC_WARN_UNUSED_VARIABLE = YES;
				IPHONEOS_DEPLOYMENT_TARGET = 15.5;
				MTL_ENABLE_DEBUG_INFO = NO;
				MTL_FAST_MATH = YES;
				SDKROOT = iphoneos;
				SWIFT_COMPILATION_MODE = wholemodule;
				SWIFT_OPTIMIZATION_LEVEL = "-O";
				VALIDATE_PRODUCT = YES;
			};
			name = Release;
		};
		B16FD19728967FAE00C00307 /* Debug */ = {
			isa = XCBuildConfiguration;
			baseConfigurationReference = 1504D1852E1C22E82FF86C7D /* Pods-CGV.debug.xcconfig */;
			buildSettings = {
				ASSETCATALOG_COMPILER_APPICON_NAME = AppIcon;
				ASSETCATALOG_COMPILER_GLOBAL_ACCENT_COLOR_NAME = AccentColor;
				CODE_SIGN_STYLE = Automatic;
				CURRENT_PROJECT_VERSION = 1;
				DEVELOPMENT_TEAM = A3887NB9SN;
				GENERATE_INFOPLIST_FILE = YES;
				INFOPLIST_FILE = CGV/Info.plist;
				INFOPLIST_KEY_CFBundleDisplayName = CGV;
				INFOPLIST_KEY_UIApplicationSupportsIndirectInputEvents = YES;
				INFOPLIST_KEY_UILaunchStoryboardName = LaunchScreen;
				INFOPLIST_KEY_UIMainStoryboardFile = Main;
				INFOPLIST_KEY_UISupportedInterfaceOrientations_iPad = "UIInterfaceOrientationPortrait UIInterfaceOrientationPortraitUpsideDown UIInterfaceOrientationLandscapeLeft UIInterfaceOrientationLandscapeRight";
				INFOPLIST_KEY_UISupportedInterfaceOrientations_iPhone = "UIInterfaceOrientationPortrait UIInterfaceOrientationLandscapeLeft UIInterfaceOrientationLandscapeRight";
				LD_RUNPATH_SEARCH_PATHS = (
					"$(inherited)",
					"@executable_path/Frameworks",
				);
				MARKETING_VERSION = 1.0;
				PRODUCT_BUNDLE_IDENTIFIER = com.hanle.CGV;
				PRODUCT_NAME = "$(TARGET_NAME)";
				SWIFT_EMIT_LOC_STRINGS = YES;
				SWIFT_VERSION = 5.0;
				TARGETED_DEVICE_FAMILY = "1,2";
			};
			name = Debug;
		};
		B16FD19828967FAE00C00307 /* Release */ = {
			isa = XCBuildConfiguration;
			baseConfigurationReference = F5DEE455E4E57FD4993B45CA /* Pods-CGV.release.xcconfig */;
			buildSettings = {
				ASSETCATALOG_COMPILER_APPICON_NAME = AppIcon;
				ASSETCATALOG_COMPILER_GLOBAL_ACCENT_COLOR_NAME = AccentColor;
				CODE_SIGN_STYLE = Automatic;
				CURRENT_PROJECT_VERSION = 1;
				DEVELOPMENT_TEAM = A3887NB9SN;
				GENERATE_INFOPLIST_FILE = YES;
				INFOPLIST_FILE = CGV/Info.plist;
				INFOPLIST_KEY_CFBundleDisplayName = CGV;
				INFOPLIST_KEY_UIApplicationSupportsIndirectInputEvents = YES;
				INFOPLIST_KEY_UILaunchStoryboardName = LaunchScreen;
				INFOPLIST_KEY_UIMainStoryboardFile = Main;
				INFOPLIST_KEY_UISupportedInterfaceOrientations_iPad = "UIInterfaceOrientationPortrait UIInterfaceOrientationPortraitUpsideDown UIInterfaceOrientationLandscapeLeft UIInterfaceOrientationLandscapeRight";
				INFOPLIST_KEY_UISupportedInterfaceOrientations_iPhone = "UIInterfaceOrientationPortrait UIInterfaceOrientationLandscapeLeft UIInterfaceOrientationLandscapeRight";
				LD_RUNPATH_SEARCH_PATHS = (
					"$(inherited)",
					"@executable_path/Frameworks",
				);
				MARKETING_VERSION = 1.0;
				PRODUCT_BUNDLE_IDENTIFIER = com.hanle.CGV;
				PRODUCT_NAME = "$(TARGET_NAME)";
				SWIFT_EMIT_LOC_STRINGS = YES;
				SWIFT_VERSION = 5.0;
				TARGETED_DEVICE_FAMILY = "1,2";
			};
			name = Release;
		};
/* End XCBuildConfiguration section */

/* Begin XCConfigurationList section */
		B16FD17D28967FAC00C00307 /* Build configuration list for PBXProject "CGV" */ = {
			isa = XCConfigurationList;
			buildConfigurations = (
				B16FD19428967FAE00C00307 /* Debug */,
				B16FD19528967FAE00C00307 /* Release */,
			);
			defaultConfigurationIsVisible = 0;
			defaultConfigurationName = Release;
		};
		B16FD19628967FAE00C00307 /* Build configuration list for PBXNativeTarget "CGV" */ = {
			isa = XCConfigurationList;
			buildConfigurations = (
				B16FD19728967FAE00C00307 /* Debug */,
				B16FD19828967FAE00C00307 /* Release */,
			);
			defaultConfigurationIsVisible = 0;
			defaultConfigurationName = Release;
		};
/* End XCConfigurationList section */
	};
	rootObject = B16FD17A28967FAC00C00307 /* Project object */;
}
